
Microsoft Visual Studio Solution File, Format Version 12.00
# Visual Studio 15
VisualStudioVersion = 15.0.28307.489
MinimumVisualStudioVersion = 10.0.40219.1
Project("{9A19103F-16F7-4668-BE54-9A1E7A4F7556}") = "Hangman.Core", "Hangman.Core\Hangman.Core.csproj", "{4FA42ACE-D9BE-4D27-BDEB-51DC526886F8}"
EndProject
Project("{9A19103F-16F7-4668-BE54-9A1E7A4F7556}") = "Hangman.Orchestrator", "Hangman.Orchestrator\Hangman.Orchestrator.csproj", "{5FEB4AEE-92AA-4789-A667-E7AAEC98568D}"
EndProject
Project("{9A19103F-16F7-4668-BE54-9A1E7A4F7556}") = "Hangman.Workflow", "Hangman.Workflow\Hangman.Workflow.csproj", "{6AD4F173-91F7-4B6B-80EF-D7FD92437CBC}"
EndProject
Project("{9A19103F-16F7-4668-BE54-9A1E7A4F7556}") = "Hangman.Messaging", "Hangman.Messaging\Hangman.Messaging.csproj", "{E8D3526B-C1DA-4B05-9537-4365F5128ADF}"
EndProject
Project("{9A19103F-16F7-4668-BE54-9A1E7A4F7556}") = "Hangman.Workflow.Tests", "Hangman.Workflow.Tests\Hangman.Workflow.Tests.csproj", "{3890708D-9545-4AF4-9672-BC692B096FFB}"
EndProject
Project("{9A19103F-16F7-4668-BE54-9A1E7A4F7556}") = "Hangman.Persistence", "Hangman.Persistence\Hangman.Persistence.csproj", "{21B17A58-6F5B-4A32-A8D5-3DC26DD74BCB}"
EndProject
Project("{2150E333-8FDC-42A3-9474-1A3956D46DE8}") = "Services", "Services", "{CE85E5CA-726B-4C6A-804A-90B60F23C127}"
EndProject
Project("{9A19103F-16F7-4668-BE54-9A1E7A4F7556}") = "Hangman.Dictionary", "Hangman.Dictionary\Hangman.Dictionary.csproj", "{E01CE4B8-A8BB-48F7-BC34-91F9E978B202}"
EndProject
Project("{9A19103F-16F7-4668-BE54-9A1E7A4F7556}") = "Hangman.Processor", "Hangman.Processor\Hangman.Processor.csproj", "{18D81818-B517-4F5F-AAD3-17FEC4F5AA54}"
EndProject
Project("{2150E333-8FDC-42A3-9474-1A3956D46DE8}") = "Common", "Common", "{E76900FB-4C65-4DF7-9F26-A89071375C2D}"
EndProject
Project("{2150E333-8FDC-42A3-9474-1A3956D46DE8}") = "BusinessLogic", "BusinessLogic", "{1795DB3C-9BE4-4DD8-8183-E21115D73A92}"
EndProject
Project("{9A19103F-16F7-4668-BE54-9A1E7A4F7556}") = "Hangman.Processor.Consumers", "Hangman.Processor.Consumers\Hangman.Processor.Consumers.csproj", "{26CCE9E5-6BF1-4EEB-985E-A086FCB4C899}"
EndProject
Project("{9A19103F-16F7-4668-BE54-9A1E7A4F7556}") = "Hangman.Dictionary.Consumers", "Hangman.Dictionary.Consumers\Hangman.Dictionary.Consumers.csproj", "{9624FA36-9EC5-44A3-819F-6D7D55A6928C}"
EndProject
Project("{2150E333-8FDC-42A3-9474-1A3956D46DE8}") = "Tests", "Tests", "{35271500-F647-4D78-B34E-BF7CE956DF19}"
EndProject
Project("{2150E333-8FDC-42A3-9474-1A3956D46DE8}") = "UI", "UI", "{47DE7E93-3709-41D6-98D3-11617B402F42}"
EndProject
Project("{FAE04EC0-301F-11D3-BF4B-00C04F79EFBC}") = "Hangman.WebUI", "Hangman.WebUI\Hangman.WebUI.csproj", "{52F2261F-F1CA-4E65-868D-3027C261EC55}"
EndProject
Global
	GlobalSection(SolutionConfigurationPlatforms) = preSolution
		Debug|Any CPU = Debug|Any CPU
		Release|Any CPU = Release|Any CPU
	EndGlobalSection
	GlobalSection(ProjectConfigurationPlatforms) = postSolution
		{4FA42ACE-D9BE-4D27-BDEB-51DC526886F8}.Debug|Any CPU.ActiveCfg = Debug|Any CPU
		{4FA42ACE-D9BE-4D27-BDEB-51DC526886F8}.Debug|Any CPU.Build.0 = Debug|Any CPU
		{4FA42ACE-D9BE-4D27-BDEB-51DC526886F8}.Release|Any CPU.ActiveCfg = Release|Any CPU
		{4FA42ACE-D9BE-4D27-BDEB-51DC526886F8}.Release|Any CPU.Build.0 = Release|Any CPU
		{5FEB4AEE-92AA-4789-A667-E7AAEC98568D}.Debug|Any CPU.ActiveCfg = Debug|Any CPU
		{5FEB4AEE-92AA-4789-A667-E7AAEC98568D}.Debug|Any CPU.Build.0 = Debug|Any CPU
		{5FEB4AEE-92AA-4789-A667-E7AAEC98568D}.Release|Any CPU.ActiveCfg = Release|Any CPU
		{5FEB4AEE-92AA-4789-A667-E7AAEC98568D}.Release|Any CPU.Build.0 = Release|Any CPU
		{6AD4F173-91F7-4B6B-80EF-D7FD92437CBC}.Debug|Any CPU.ActiveCfg = Debug|Any CPU
		{6AD4F173-91F7-4B6B-80EF-D7FD92437CBC}.Debug|Any CPU.Build.0 = Debug|Any CPU
		{6AD4F173-91F7-4B6B-80EF-D7FD92437CBC}.Release|Any CPU.ActiveCfg = Release|Any CPU
		{6AD4F173-91F7-4B6B-80EF-D7FD92437CBC}.Release|Any CPU.Build.0 = Release|Any CPU
		{E8D3526B-C1DA-4B05-9537-4365F5128ADF}.Debug|Any CPU.ActiveCfg = Debug|Any CPU
		{E8D3526B-C1DA-4B05-9537-4365F5128ADF}.Debug|Any CPU.Build.0 = Debug|Any CPU
		{E8D3526B-C1DA-4B05-9537-4365F5128ADF}.Release|Any CPU.ActiveCfg = Release|Any CPU
		{E8D3526B-C1DA-4B05-9537-4365F5128ADF}.Release|Any CPU.Build.0 = Release|Any CPU
		{3890708D-9545-4AF4-9672-BC692B096FFB}.Debug|Any CPU.ActiveCfg = Debug|Any CPU
		{3890708D-9545-4AF4-9672-BC692B096FFB}.Debug|Any CPU.Build.0 = Debug|Any CPU
		{3890708D-9545-4AF4-9672-BC692B096FFB}.Release|Any CPU.ActiveCfg = Release|Any CPU
		{3890708D-9545-4AF4-9672-BC692B096FFB}.Release|Any CPU.Build.0 = Release|Any CPU
		{21B17A58-6F5B-4A32-A8D5-3DC26DD74BCB}.Debug|Any CPU.ActiveCfg = Debug|Any CPU
		{21B17A58-6F5B-4A32-A8D5-3DC26DD74BCB}.Debug|Any CPU.Build.0 = Debug|Any CPU
		{21B17A58-6F5B-4A32-A8D5-3DC26DD74BCB}.Release|Any CPU.ActiveCfg = Release|Any CPU
		{21B17A58-6F5B-4A32-A8D5-3DC26DD74BCB}.Release|Any CPU.Build.0 = Release|Any CPU
		{E01CE4B8-A8BB-48F7-BC34-91F9E978B202}.Debug|Any CPU.ActiveCfg = Debug|Any CPU
		{E01CE4B8-A8BB-48F7-BC34-91F9E978B202}.Debug|Any CPU.Build.0 = Debug|Any CPU
		{E01CE4B8-A8BB-48F7-BC34-91F9E978B202}.Release|Any CPU.ActiveCfg = Release|Any CPU
		{E01CE4B8-A8BB-48F7-BC34-91F9E978B202}.Release|Any CPU.Build.0 = Release|Any CPU
		{18D81818-B517-4F5F-AAD3-17FEC4F5AA54}.Debug|Any CPU.ActiveCfg = Debug|Any CPU
		{18D81818-B517-4F5F-AAD3-17FEC4F5AA54}.Debug|Any CPU.Build.0 = Debug|Any CPU
		{18D81818-B517-4F5F-AAD3-17FEC4F5AA54}.Release|Any CPU.ActiveCfg = Release|Any CPU
		{18D81818-B517-4F5F-AAD3-17FEC4F5AA54}.Release|Any CPU.Build.0 = Release|Any CPU
		{26CCE9E5-6BF1-4EEB-985E-A086FCB4C899}.Debug|Any CPU.ActiveCfg = Debug|Any CPU
		{26CCE9E5-6BF1-4EEB-985E-A086FCB4C899}.Debug|Any CPU.Build.0 = Debug|Any CPU
		{26CCE9E5-6BF1-4EEB-985E-A086FCB4C899}.Release|Any CPU.ActiveCfg = Release|Any CPU
		{26CCE9E5-6BF1-4EEB-985E-A086FCB4C899}.Release|Any CPU.Build.0 = Release|Any CPU
		{9624FA36-9EC5-44A3-819F-6D7D55A6928C}.Debug|Any CPU.ActiveCfg = Debug|Any CPU
		{9624FA36-9EC5-44A3-819F-6D7D55A6928C}.Debug|Any CPU.Build.0 = Debug|Any CPU
		{9624FA36-9EC5-44A3-819F-6D7D55A6928C}.Release|Any CPU.ActiveCfg = Release|Any CPU
		{9624FA36-9EC5-44A3-819F-6D7D55A6928C}.Release|Any CPU.Build.0 = Release|Any CPU
		{52F2261F-F1CA-4E65-868D-3027C261EC55}.Debug|Any CPU.ActiveCfg = Debug|Any CPU
		{52F2261F-F1CA-4E65-868D-3027C261EC55}.Debug|Any CPU.Build.0 = Debug|Any CPU
		{52F2261F-F1CA-4E65-868D-3027C261EC55}.Release|Any CPU.ActiveCfg = Release|Any CPU
		{52F2261F-F1CA-4E65-868D-3027C261EC55}.Release|Any CPU.Build.0 = Release|Any CPU
	EndGlobalSection
	GlobalSection(SolutionProperties) = preSolution
		HideSolutionNode = FALSE
	EndGlobalSection
	GlobalSection(NestedProjects) = preSolution
		{4FA42ACE-D9BE-4D27-BDEB-51DC526886F8} = {E76900FB-4C65-4DF7-9F26-A89071375C2D}
		{5FEB4AEE-92AA-4789-A667-E7AAEC98568D} = {CE85E5CA-726B-4C6A-804A-90B60F23C127}
		{6AD4F173-91F7-4B6B-80EF-D7FD92437CBC} = {1795DB3C-9BE4-4DD8-8183-E21115D73A92}
		{E8D3526B-C1DA-4B05-9537-4365F5128ADF} = {E76900FB-4C65-4DF7-9F26-A89071375C2D}
		{3890708D-9545-4AF4-9672-BC692B096FFB} = {35271500-F647-4D78-B34E-BF7CE956DF19}
		{21B17A58-6F5B-4A32-A8D5-3DC26DD74BCB} = {E76900FB-4C65-4DF7-9F26-A89071375C2D}
		{E01CE4B8-A8BB-48F7-BC34-91F9E978B202} = {CE85E5CA-726B-4C6A-804A-90B60F23C127}
		{18D81818-B517-4F5F-AAD3-17FEC4F5AA54} = {CE85E5CA-726B-4C6A-804A-90B60F23C127}
		{26CCE9E5-6BF1-4EEB-985E-A086FCB4C899} = {1795DB3C-9BE4-4DD8-8183-E21115D73A92}
		{9624FA36-9EC5-44A3-819F-6D7D55A6928C} = {1795DB3C-9BE4-4DD8-8183-E21115D73A92}
		{35271500-F647-4D78-B34E-BF7CE956DF19} = {1795DB3C-9BE4-4DD8-8183-E21115D73A92}
		{52F2261F-F1CA-4E65-868D-3027C261EC55} = {47DE7E93-3709-41D6-98D3-11617B402F42}
	EndGlobalSection
	GlobalSection(ExtensibilityGlobals) = postSolution
		SolutionGuid = {CA15B369-1A72-41D7-9B32-F381DE6EC1BA}
	EndGlobalSection
EndGlobal
